// !$*UTF8*$!
{
	archiveVersion = 1;
	classes = {
	};
	objectVersion = 56;
	objects = {

/* Begin PBXBuildFile section */
		A53076242CE4F1BC00C37840 /* LNCollectionView.m in Sources */ = {isa = PBXBuildFile; fileRef = A53076232CE4F1BC00C37840 /* LNCollectionView.m */; };
		A53076282CE4F42100C37840 /* LNCollectionViewLayout.m in Sources */ = {isa = PBXBuildFile; fileRef = A53076272CE4F42100C37840 /* LNCollectionViewLayout.m */; };
		A56DA3B82CE6049F0029386F /* LNCollectionViewCell.m in Sources */ = {isa = PBXBuildFile; fileRef = A56DA3B72CE6049F0029386F /* LNCollectionViewCell.m */; };
		A56DA3BB2CE86F420029386F /* LNCollectionViewFlowLayout.m in Sources */ = {isa = PBXBuildFile; fileRef = A56DA3BA2CE86F420029386F /* LNCollectionViewFlowLayout.m */; };
		A57F69BA2CE52ECC008974E0 /* LNCollectionViewLayoutAttributes.m in Sources */ = {isa = PBXBuildFile; fileRef = A57F69B92CE52ECC008974E0 /* LNCollectionViewLayoutAttributes.m */; };
		A58BE4382CDCAE12005A24C4 /* AppDelegate.m in Sources */ = {isa = PBXBuildFile; fileRef = A58BE4372CDCAE12005A24C4 /* AppDelegate.m */; };
		A58BE43B2CDCAE12005A24C4 /* SceneDelegate.m in Sources */ = {isa = PBXBuildFile; fileRef = A58BE43A2CDCAE12005A24C4 /* SceneDelegate.m */; };
		A58BE43E2CDCAE12005A24C4 /* ViewController.m in Sources */ = {isa = PBXBuildFile; fileRef = A58BE43D2CDCAE12005A24C4 /* ViewController.m */; };
		A58BE4412CDCAE12005A24C4 /* Main.storyboard in Resources */ = {isa = PBXBuildFile; fileRef = A58BE43F2CDCAE12005A24C4 /* Main.storyboard */; };
		A58BE4432CDCAE12005A24C4 /* Assets.xcassets in Resources */ = {isa = PBXBuildFile; fileRef = A58BE4422CDCAE12005A24C4 /* Assets.xcassets */; };
		A58BE4462CDCAE12005A24C4 /* LaunchScreen.storyboard in Resources */ = {isa = PBXBuildFile; fileRef = A58BE4442CDCAE12005A24C4 /* LaunchScreen.storyboard */; };
		A58BE4492CDCAE12005A24C4 /* main.m in Sources */ = {isa = PBXBuildFile; fileRef = A58BE4482CDCAE12005A24C4 /* main.m */; };
		A58BE4532CDCAE13005A24C4 /* LNCollectionViewTests.m in Sources */ = {isa = PBXBuildFile; fileRef = A58BE4522CDCAE13005A24C4 /* LNCollectionViewTests.m */; };
		A58BE45D2CDCAE13005A24C4 /* LNCollectionViewUITests.m in Sources */ = {isa = PBXBuildFile; fileRef = A58BE45C2CDCAE13005A24C4 /* LNCollectionViewUITests.m */; };
		A58BE45F2CDCAE13005A24C4 /* LNCollectionViewUITestsLaunchTests.m in Sources */ = {isa = PBXBuildFile; fileRef = A58BE45E2CDCAE13005A24C4 /* LNCollectionViewUITestsLaunchTests.m */; };
		A58BE4752CDCBD18005A24C4 /* LNScrollViewClock.m in Sources */ = {isa = PBXBuildFile; fileRef = A58BE4742CDCBD18005A24C4 /* LNScrollViewClock.m */; };
		A58BE4782CDCBD27005A24C4 /* LNScrollViewClockProxy.m in Sources */ = {isa = PBXBuildFile; fileRef = A58BE4772CDCBD27005A24C4 /* LNScrollViewClockProxy.m */; };
		A58BE47F2CDCCB09005A24C4 /* LNScrollViewBounceSimulator.m in Sources */ = {isa = PBXBuildFile; fileRef = A58BE47E2CDCCB09005A24C4 /* LNScrollViewBounceSimulator.m */; };
		A58BE4822CDCCB26005A24C4 /* LNScrollViewDecelerateSimulator.m in Sources */ = {isa = PBXBuildFile; fileRef = A58BE4812CDCCB26005A24C4 /* LNScrollViewDecelerateSimulator.m */; };
		A58BE4852CDCCB5E005A24C4 /* LNScrollViewDragSimulator.m in Sources */ = {isa = PBXBuildFile; fileRef = A58BE4842CDCCB5E005A24C4 /* LNScrollViewDragSimulator.m */; };
		A58BE4882CDF7771005A24C4 /* LNScrollView.m in Sources */ = {isa = PBXBuildFile; fileRef = A58BE4872CDF7771005A24C4 /* LNScrollView.m */; };
		A58BE4922CDF83F1005A24C4 /* LNScrollViewGestureEffect.m in Sources */ = {isa = PBXBuildFile; fileRef = A58BE4912CDF83F1005A24C4 /* LNScrollViewGestureEffect.m */; };
		A58BE4952CDF8460005A24C4 /* LNScrollViewAutoEffect.m in Sources */ = {isa = PBXBuildFile; fileRef = A58BE4942CDF8460005A24C4 /* LNScrollViewAutoEffect.m */; };
		A58BE4982CE26A9C005A24C4 /* LNScrollViewPageSimulator.m in Sources */ = {isa = PBXBuildFile; fileRef = A58BE4972CE26A9C005A24C4 /* LNScrollViewPageSimulator.m */; };
/* End PBXBuildFile section */

/* Begin PBXContainerItemProxy section */
		A58BE44F2CDCAE13005A24C4 /* PBXContainerItemProxy */ = {
			isa = PBXContainerItemProxy;
			containerPortal = A58BE42B2CDCAE12005A24C4 /* Project object */;
			proxyType = 1;
			remoteGlobalIDString = A58BE4322CDCAE12005A24C4;
			remoteInfo = LNCollectionView;
		};
		A58BE4592CDCAE13005A24C4 /* PBXContainerItemProxy */ = {
			isa = PBXContainerItemProxy;
			containerPortal = A58BE42B2CDCAE12005A24C4 /* Project object */;
			proxyType = 1;
			remoteGlobalIDString = A58BE4322CDCAE12005A24C4;
			remoteInfo = LNCollectionView;
		};
/* End PBXContainerItemProxy section */

/* Begin PBXFileReference section */
		A53076222CE4F1BC00C37840 /* LNCollectionView.h */ = {isa = PBXFileReference; lastKnownFileType = sourcecode.c.h; path = LNCollectionView.h; sourceTree = "<group>"; };
		A53076232CE4F1BC00C37840 /* LNCollectionView.m */ = {isa = PBXFileReference; lastKnownFileType = sourcecode.c.objc; path = LNCollectionView.m; sourceTree = "<group>"; };
		A53076262CE4F42100C37840 /* LNCollectionViewLayout.h */ = {isa = PBXFileReference; lastKnownFileType = sourcecode.c.h; path = LNCollectionViewLayout.h; sourceTree = "<group>"; };
		A53076272CE4F42100C37840 /* LNCollectionViewLayout.m */ = {isa = PBXFileReference; lastKnownFileType = sourcecode.c.objc; path = LNCollectionViewLayout.m; sourceTree = "<group>"; };
		A56DA3B62CE6049F0029386F /* LNCollectionViewCell.h */ = {isa = PBXFileReference; lastKnownFileType = sourcecode.c.h; path = LNCollectionViewCell.h; sourceTree = "<group>"; };
		A56DA3B72CE6049F0029386F /* LNCollectionViewCell.m */ = {isa = PBXFileReference; lastKnownFileType = sourcecode.c.objc; path = LNCollectionViewCell.m; sourceTree = "<group>"; };
		A56DA3B92CE86F420029386F /* LNCollectionViewFlowLayout.h */ = {isa = PBXFileReference; lastKnownFileType = sourcecode.c.h; path = LNCollectionViewFlowLayout.h; sourceTree = "<group>"; };
		A56DA3BA2CE86F420029386F /* LNCollectionViewFlowLayout.m */ = {isa = PBXFileReference; lastKnownFileType = sourcecode.c.objc; path = LNCollectionViewFlowLayout.m; sourceTree = "<group>"; };
		A57F69B82CE52ECC008974E0 /* LNCollectionViewLayoutAttributes.h */ = {isa = PBXFileReference; lastKnownFileType = sourcecode.c.h; path = LNCollectionViewLayoutAttributes.h; sourceTree = "<group>"; };
		A57F69B92CE52ECC008974E0 /* LNCollectionViewLayoutAttributes.m */ = {isa = PBXFileReference; lastKnownFileType = sourcecode.c.objc; path = LNCollectionViewLayoutAttributes.m; sourceTree = "<group>"; };
		A58BE4332CDCAE12005A24C4 /* LNCollectionView.app */ = {isa = PBXFileReference; explicitFileType = wrapper.application; includeInIndex = 0; path = LNCollectionView.app; sourceTree = BUILT_PRODUCTS_DIR; };
		A58BE4362CDCAE12005A24C4 /* AppDelegate.h */ = {isa = PBXFileReference; lastKnownFileType = sourcecode.c.h; path = AppDelegate.h; sourceTree = "<group>"; };
		A58BE4372CDCAE12005A24C4 /* AppDelegate.m */ = {isa = PBXFileReference; lastKnownFileType = sourcecode.c.objc; path = AppDelegate.m; sourceTree = "<group>"; };
		A58BE4392CDCAE12005A24C4 /* SceneDelegate.h */ = {isa = PBXFileReference; lastKnownFileType = sourcecode.c.h; path = SceneDelegate.h; sourceTree = "<group>"; };
		A58BE43A2CDCAE12005A24C4 /* SceneDelegate.m */ = {isa = PBXFileReference; lastKnownFileType = sourcecode.c.objc; path = SceneDelegate.m; sourceTree = "<group>"; };
		A58BE43C2CDCAE12005A24C4 /* ViewController.h */ = {isa = PBXFileReference; lastKnownFileType = sourcecode.c.h; path = ViewController.h; sourceTree = "<group>"; };
		A58BE43D2CDCAE12005A24C4 /* ViewController.m */ = {isa = PBXFileReference; lastKnownFileType = sourcecode.c.objc; path = ViewController.m; sourceTree = "<group>"; };
		A58BE4402CDCAE12005A24C4 /* Base */ = {isa = PBXFileReference; lastKnownFileType = file.storyboard; name = Base; path = Base.lproj/Main.storyboard; sourceTree = "<group>"; };
		A58BE4422CDCAE12005A24C4 /* Assets.xcassets */ = {isa = PBXFileReference; lastKnownFileType = folder.assetcatalog; path = Assets.xcassets; sourceTree = "<group>"; };
		A58BE4452CDCAE12005A24C4 /* Base */ = {isa = PBXFileReference; lastKnownFileType = file.storyboard; name = Base; path = Base.lproj/LaunchScreen.storyboard; sourceTree = "<group>"; };
		A58BE4472CDCAE12005A24C4 /* Info.plist */ = {isa = PBXFileReference; lastKnownFileType = text.plist.xml; path = Info.plist; sourceTree = "<group>"; };
		A58BE4482CDCAE12005A24C4 /* main.m */ = {isa = PBXFileReference; lastKnownFileType = sourcecode.c.objc; path = main.m; sourceTree = "<group>"; };
		A58BE44E2CDCAE13005A24C4 /* LNCollectionViewTests.xctest */ = {isa = PBXFileReference; explicitFileType = wrapper.cfbundle; includeInIndex = 0; path = LNCollectionViewTests.xctest; sourceTree = BUILT_PRODUCTS_DIR; };
		A58BE4522CDCAE13005A24C4 /* LNCollectionViewTests.m */ = {isa = PBXFileReference; lastKnownFileType = sourcecode.c.objc; path = LNCollectionViewTests.m; sourceTree = "<group>"; };
		A58BE4582CDCAE13005A24C4 /* LNCollectionViewUITests.xctest */ = {isa = PBXFileReference; explicitFileType = wrapper.cfbundle; includeInIndex = 0; path = LNCollectionViewUITests.xctest; sourceTree = BUILT_PRODUCTS_DIR; };
		A58BE45C2CDCAE13005A24C4 /* LNCollectionViewUITests.m */ = {isa = PBXFileReference; lastKnownFileType = sourcecode.c.objc; path = LNCollectionViewUITests.m; sourceTree = "<group>"; };
		A58BE45E2CDCAE13005A24C4 /* LNCollectionViewUITestsLaunchTests.m */ = {isa = PBXFileReference; lastKnownFileType = sourcecode.c.objc; path = LNCollectionViewUITestsLaunchTests.m; sourceTree = "<group>"; };
		A58BE4732CDCBD18005A24C4 /* LNScrollViewClock.h */ = {isa = PBXFileReference; lastKnownFileType = sourcecode.c.h; path = LNScrollViewClock.h; sourceTree = "<group>"; };
		A58BE4742CDCBD18005A24C4 /* LNScrollViewClock.m */ = {isa = PBXFileReference; lastKnownFileType = sourcecode.c.objc; path = LNScrollViewClock.m; sourceTree = "<group>"; };
		A58BE4762CDCBD27005A24C4 /* LNScrollViewClockProxy.h */ = {isa = PBXFileReference; lastKnownFileType = sourcecode.c.h; path = LNScrollViewClockProxy.h; sourceTree = "<group>"; };
		A58BE4772CDCBD27005A24C4 /* LNScrollViewClockProxy.m */ = {isa = PBXFileReference; lastKnownFileType = sourcecode.c.objc; path = LNScrollViewClockProxy.m; sourceTree = "<group>"; };
		A58BE47D2CDCCB09005A24C4 /* LNScrollViewBounceSimulator.h */ = {isa = PBXFileReference; lastKnownFileType = sourcecode.c.h; path = LNScrollViewBounceSimulator.h; sourceTree = "<group>"; };
		A58BE47E2CDCCB09005A24C4 /* LNScrollViewBounceSimulator.m */ = {isa = PBXFileReference; lastKnownFileType = sourcecode.c.objc; path = LNScrollViewBounceSimulator.m; sourceTree = "<group>"; };
		A58BE4802CDCCB26005A24C4 /* LNScrollViewDecelerateSimulator.h */ = {isa = PBXFileReference; lastKnownFileType = sourcecode.c.h; path = LNScrollViewDecelerateSimulator.h; sourceTree = "<group>"; };
		A58BE4812CDCCB26005A24C4 /* LNScrollViewDecelerateSimulator.m */ = {isa = PBXFileReference; lastKnownFileType = sourcecode.c.objc; path = LNScrollViewDecelerateSimulator.m; sourceTree = "<group>"; };
		A58BE4832CDCCB5E005A24C4 /* LNScrollViewDragSimulator.h */ = {isa = PBXFileReference; lastKnownFileType = sourcecode.c.h; path = LNScrollViewDragSimulator.h; sourceTree = "<group>"; };
		A58BE4842CDCCB5E005A24C4 /* LNScrollViewDragSimulator.m */ = {isa = PBXFileReference; lastKnownFileType = sourcecode.c.objc; path = LNScrollViewDragSimulator.m; sourceTree = "<group>"; };
		A58BE4862CDF7771005A24C4 /* LNScrollView.h */ = {isa = PBXFileReference; lastKnownFileType = sourcecode.c.h; path = LNScrollView.h; sourceTree = "<group>"; };
		A58BE4872CDF7771005A24C4 /* LNScrollView.m */ = {isa = PBXFileReference; lastKnownFileType = sourcecode.c.objc; path = LNScrollView.m; sourceTree = "<group>"; };
		A58BE4902CDF83F1005A24C4 /* LNScrollViewGestureEffect.h */ = {isa = PBXFileReference; lastKnownFileType = sourcecode.c.h; path = LNScrollViewGestureEffect.h; sourceTree = "<group>"; };
		A58BE4912CDF83F1005A24C4 /* LNScrollViewGestureEffect.m */ = {isa = PBXFileReference; lastKnownFileType = sourcecode.c.objc; path = LNScrollViewGestureEffect.m; sourceTree = "<group>"; };
		A58BE4932CDF8460005A24C4 /* LNScrollViewAutoEffect.h */ = {isa = PBXFileReference; lastKnownFileType = sourcecode.c.h; path = LNScrollViewAutoEffect.h; sourceTree = "<group>"; };
		A58BE4942CDF8460005A24C4 /* LNScrollViewAutoEffect.m */ = {isa = PBXFileReference; lastKnownFileType = sourcecode.c.objc; path = LNScrollViewAutoEffect.m; sourceTree = "<group>"; };
		A58BE4962CE26A9C005A24C4 /* LNScrollViewPageSimulator.h */ = {isa = PBXFileReference; lastKnownFileType = sourcecode.c.h; path = LNScrollViewPageSimulator.h; sourceTree = "<group>"; };
		A58BE4972CE26A9C005A24C4 /* LNScrollViewPageSimulator.m */ = {isa = PBXFileReference; lastKnownFileType = sourcecode.c.objc; path = LNScrollViewPageSimulator.m; sourceTree = "<group>"; };
/* End PBXFileReference section */

/* Begin PBXFrameworksBuildPhase section */
		A58BE4302CDCAE12005A24C4 /* Frameworks */ = {
			isa = PBXFrameworksBuildPhase;
			buildActionMask = 2147483647;
			files = (
			);
			runOnlyForDeploymentPostprocessing = 0;
		};
		A58BE44B2CDCAE13005A24C4 /* Frameworks */ = {
			isa = PBXFrameworksBuildPhase;
			buildActionMask = 2147483647;
			files = (
			);
			runOnlyForDeploymentPostprocessing = 0;
		};
		A58BE4552CDCAE13005A24C4 /* Frameworks */ = {
			isa = PBXFrameworksBuildPhase;
			buildActionMask = 2147483647;
			files = (
			);
			runOnlyForDeploymentPostprocessing = 0;
		};
/* End PBXFrameworksBuildPhase section */

/* Begin PBXGroup section */
		A53076212CE4F1A000C37840 /* LNCollectionView */ = {
			isa = PBXGroup;
			children = (
				A56DA3B52CE6048A0029386F /* Cell */,
				A53076252CE4F40E00C37840 /* Layout */,
				A53076222CE4F1BC00C37840 /* LNCollectionView.h */,
				A53076232CE4F1BC00C37840 /* LNCollectionView.m */,
			);
			path = LNCollectionView;
			sourceTree = "<group>";
		};
		A53076252CE4F40E00C37840 /* Layout */ = {
			isa = PBXGroup;
			children = (
				A53076262CE4F42100C37840 /* LNCollectionViewLayout.h */,
				A53076272CE4F42100C37840 /* LNCollectionViewLayout.m */,
				A57F69B82CE52ECC008974E0 /* LNCollectionViewLayoutAttributes.h */,
				A57F69B92CE52ECC008974E0 /* LNCollectionViewLayoutAttributes.m */,
				A56DA3B92CE86F420029386F /* LNCollectionViewFlowLayout.h */,
				A56DA3BA2CE86F420029386F /* LNCollectionViewFlowLayout.m */,
			);
			path = Layout;
			sourceTree = "<group>";
		};
		A56DA3B52CE6048A0029386F /* Cell */ = {
			isa = PBXGroup;
			children = (
				A56DA3B62CE6049F0029386F /* LNCollectionViewCell.h */,
				A56DA3B72CE6049F0029386F /* LNCollectionViewCell.m */,
			);
			path = Cell;
			sourceTree = "<group>";
		};
		A58BE42A2CDCAE12005A24C4 = {
			isa = PBXGroup;
			children = (
				A58BE4352CDCAE12005A24C4 /* LNCollectionView */,
				A58BE4512CDCAE13005A24C4 /* LNCollectionViewTests */,
				A58BE45B2CDCAE13005A24C4 /* LNCollectionViewUITests */,
				A58BE4342CDCAE12005A24C4 /* Products */,
			);
			sourceTree = "<group>";
		};
		A58BE4342CDCAE12005A24C4 /* Products */ = {
			isa = PBXGroup;
			children = (
				A58BE4332CDCAE12005A24C4 /* LNCollectionView.app */,
				A58BE44E2CDCAE13005A24C4 /* LNCollectionViewTests.xctest */,
				A58BE4582CDCAE13005A24C4 /* LNCollectionViewUITests.xctest */,
			);
			name = Products;
			sourceTree = "<group>";
		};
		A58BE4352CDCAE12005A24C4 /* LNCollectionView */ = {
			isa = PBXGroup;
			children = (
				A53076212CE4F1A000C37840 /* LNCollectionView */,
				A58BE46B2CDCAE27005A24C4 /* LNScrollView */,
				A58BE4362CDCAE12005A24C4 /* AppDelegate.h */,
				A58BE4372CDCAE12005A24C4 /* AppDelegate.m */,
				A58BE4392CDCAE12005A24C4 /* SceneDelegate.h */,
				A58BE43A2CDCAE12005A24C4 /* SceneDelegate.m */,
				A58BE43C2CDCAE12005A24C4 /* ViewController.h */,
				A58BE43D2CDCAE12005A24C4 /* ViewController.m */,
				A58BE43F2CDCAE12005A24C4 /* Main.storyboard */,
				A58BE4422CDCAE12005A24C4 /* Assets.xcassets */,
				A58BE4442CDCAE12005A24C4 /* LaunchScreen.storyboard */,
				A58BE4472CDCAE12005A24C4 /* Info.plist */,
				A58BE4482CDCAE12005A24C4 /* main.m */,
			);
			path = LNCollectionView;
			sourceTree = "<group>";
		};
		A58BE4512CDCAE13005A24C4 /* LNCollectionViewTests */ = {
			isa = PBXGroup;
			children = (
				A58BE4522CDCAE13005A24C4 /* LNCollectionViewTests.m */,
			);
			path = LNCollectionViewTests;
			sourceTree = "<group>";
		};
		A58BE45B2CDCAE13005A24C4 /* LNCollectionViewUITests */ = {
			isa = PBXGroup;
			children = (
				A58BE45C2CDCAE13005A24C4 /* LNCollectionViewUITests.m */,
				A58BE45E2CDCAE13005A24C4 /* LNCollectionViewUITestsLaunchTests.m */,
			);
			path = LNCollectionViewUITests;
			sourceTree = "<group>";
		};
		A58BE46B2CDCAE27005A24C4 /* LNScrollView */ = {
			isa = PBXGroup;
			children = (
				A58BE4892CDF7F2D005A24C4 /* Status */,
				A58BE4792CDCC727005A24C4 /* Simulator */,
				A58BE46C2CDCB052005A24C4 /* Clock */,
				A58BE4862CDF7771005A24C4 /* LNScrollView.h */,
				A58BE4872CDF7771005A24C4 /* LNScrollView.m */,
			);
			path = LNScrollView;
			sourceTree = "<group>";
		};
		A58BE46C2CDCB052005A24C4 /* Clock */ = {
			isa = PBXGroup;
			children = (
				A58BE4732CDCBD18005A24C4 /* LNScrollViewClock.h */,
				A58BE4742CDCBD18005A24C4 /* LNScrollViewClock.m */,
				A58BE4762CDCBD27005A24C4 /* LNScrollViewClockProxy.h */,
				A58BE4772CDCBD27005A24C4 /* LNScrollViewClockProxy.m */,
			);
			path = Clock;
			sourceTree = "<group>";
		};
		A58BE4792CDCC727005A24C4 /* Simulator */ = {
			isa = PBXGroup;
			children = (
				A58BE47D2CDCCB09005A24C4 /* LNScrollViewBounceSimulator.h */,
				A58BE47E2CDCCB09005A24C4 /* LNScrollViewBounceSimulator.m */,
				A58BE4802CDCCB26005A24C4 /* LNScrollViewDecelerateSimulator.h */,
				A58BE4812CDCCB26005A24C4 /* LNScrollViewDecelerateSimulator.m */,
				A58BE4832CDCCB5E005A24C4 /* LNScrollViewDragSimulator.h */,
				A58BE4842CDCCB5E005A24C4 /* LNScrollViewDragSimulator.m */,
				A58BE4962CE26A9C005A24C4 /* LNScrollViewPageSimulator.h */,
				A58BE4972CE26A9C005A24C4 /* LNScrollViewPageSimulator.m */,
			);
			path = Simulator;
			sourceTree = "<group>";
		};
		A58BE4892CDF7F2D005A24C4 /* Status */ = {
			isa = PBXGroup;
			children = (
				A58BE4902CDF83F1005A24C4 /* LNScrollViewGestureEffect.h */,
				A58BE4912CDF83F1005A24C4 /* LNScrollViewGestureEffect.m */,
				A58BE4932CDF8460005A24C4 /* LNScrollViewAutoEffect.h */,
				A58BE4942CDF8460005A24C4 /* LNScrollViewAutoEffect.m */,
			);
			path = Status;
			sourceTree = "<group>";
		};
/* End PBXGroup section */

/* Begin PBXNativeTarget section */
		A58BE4322CDCAE12005A24C4 /* LNCollectionView */ = {
			isa = PBXNativeTarget;
			buildConfigurationList = A58BE4622CDCAE13005A24C4 /* Build configuration list for PBXNativeTarget "LNCollectionView" */;
			buildPhases = (
				A58BE42F2CDCAE12005A24C4 /* Sources */,
				A58BE4302CDCAE12005A24C4 /* Frameworks */,
				A58BE4312CDCAE12005A24C4 /* Resources */,
			);
			buildRules = (
			);
			dependencies = (
			);
			name = LNCollectionView;
			productName = LNCollectionView;
			productReference = A58BE4332CDCAE12005A24C4 /* LNCollectionView.app */;
			productType = "com.apple.product-type.application";
		};
		A58BE44D2CDCAE13005A24C4 /* LNCollectionViewTests */ = {
			isa = PBXNativeTarget;
			buildConfigurationList = A58BE4652CDCAE13005A24C4 /* Build configuration list for PBXNativeTarget "LNCollectionViewTests" */;
			buildPhases = (
				A58BE44A2CDCAE13005A24C4 /* Sources */,
				A58BE44B2CDCAE13005A24C4 /* Frameworks */,
				A58BE44C2CDCAE13005A24C4 /* Resources */,
			);
			buildRules = (
			);
			dependencies = (
				A58BE4502CDCAE13005A24C4 /* PBXTargetDependency */,
			);
			name = LNCollectionViewTests;
			productName = LNCollectionViewTests;
			productReference = A58BE44E2CDCAE13005A24C4 /* LNCollectionViewTests.xctest */;
			productType = "com.apple.product-type.bundle.unit-test";
		};
		A58BE4572CDCAE13005A24C4 /* LNCollectionViewUITests */ = {
			isa = PBXNativeTarget;
			buildConfigurationList = A58BE4682CDCAE13005A24C4 /* Build configuration list for PBXNativeTarget "LNCollectionViewUITests" */;
			buildPhases = (
				A58BE4542CDCAE13005A24C4 /* Sources */,
				A58BE4552CDCAE13005A24C4 /* Frameworks */,
				A58BE4562CDCAE13005A24C4 /* Resources */,
			);
			buildRules = (
			);
			dependencies = (
				A58BE45A2CDCAE13005A24C4 /* PBXTargetDependency */,
			);
			name = LNCollectionViewUITests;
			productName = LNCollectionViewUITests;
			productReference = A58BE4582CDCAE13005A24C4 /* LNCollectionViewUITests.xctest */;
			productType = "com.apple.product-type.bundle.ui-testing";
		};
/* End PBXNativeTarget section */

/* Begin PBXProject section */
		A58BE42B2CDCAE12005A24C4 /* Project object */ = {
			isa = PBXProject;
			attributes = {
				BuildIndependentTargetsInParallel = 1;
				LastUpgradeCheck = 1430;
				TargetAttributes = {
					A58BE4322CDCAE12005A24C4 = {
						CreatedOnToolsVersion = 14.3;
					};
					A58BE44D2CDCAE13005A24C4 = {
						CreatedOnToolsVersion = 14.3;
						TestTargetID = A58BE4322CDCAE12005A24C4;
					};
					A58BE4572CDCAE13005A24C4 = {
						CreatedOnToolsVersion = 14.3;
						TestTargetID = A58BE4322CDCAE12005A24C4;
					};
				};
			};
			buildConfigurationList = A58BE42E2CDCAE12005A24C4 /* Build configuration list for PBXProject "LNCollectionView" */;
			compatibilityVersion = "Xcode 14.0";
			developmentRegion = en;
			hasScannedForEncodings = 0;
			knownRegions = (
				en,
				Base,
			);
			mainGroup = A58BE42A2CDCAE12005A24C4;
			productRefGroup = A58BE4342CDCAE12005A24C4 /* Products */;
			projectDirPath = "";
			projectRoot = "";
			targets = (
				A58BE4322CDCAE12005A24C4 /* LNCollectionView */,
				A58BE44D2CDCAE13005A24C4 /* LNCollectionViewTests */,
				A58BE4572CDCAE13005A24C4 /* LNCollectionViewUITests */,
			);
		};
/* End PBXProject section */

/* Begin PBXResourcesBuildPhase section */
		A58BE4312CDCAE12005A24C4 /* Resources */ = {
			isa = PBXResourcesBuildPhase;
			buildActionMask = 2147483647;
			files = (
				A58BE4462CDCAE12005A24C4 /* LaunchScreen.storyboard in Resources */,
				A58BE4432CDCAE12005A24C4 /* Assets.xcassets in Resources */,
				A58BE4412CDCAE12005A24C4 /* Main.storyboard in Resources */,
			);
			runOnlyForDeploymentPostprocessing = 0;
		};
		A58BE44C2CDCAE13005A24C4 /* Resources */ = {
			isa = PBXResourcesBuildPhase;
			buildActionMask = 2147483647;
			files = (
			);
			runOnlyForDeploymentPostprocessing = 0;
		};
		A58BE4562CDCAE13005A24C4 /* Resources */ = {
			isa = PBXResourcesBuildPhase;
			buildActionMask = 2147483647;
			files = (
			);
			runOnlyForDeploymentPostprocessing = 0;
		};
/* End PBXResourcesBuildPhase section */

/* Begin PBXSourcesBuildPhase section */
		A58BE42F2CDCAE12005A24C4 /* Sources */ = {
			isa = PBXSourcesBuildPhase;
			buildActionMask = 2147483647;
			files = (
				A58BE4852CDCCB5E005A24C4 /* LNScrollViewDragSimulator.m in Sources */,
				A58BE4952CDF8460005A24C4 /* LNScrollViewAutoEffect.m in Sources */,
				A58BE43E2CDCAE12005A24C4 /* ViewController.m in Sources */,
				A58BE4382CDCAE12005A24C4 /* AppDelegate.m in Sources */,
				A58BE4822CDCCB26005A24C4 /* LNScrollViewDecelerateSimulator.m in Sources */,
				A56DA3B82CE6049F0029386F /* LNCollectionViewCell.m in Sources */,
				A56DA3BB2CE86F420029386F /* LNCollectionViewFlowLayout.m in Sources */,
				A58BE4752CDCBD18005A24C4 /* LNScrollViewClock.m in Sources */,
				A53076242CE4F1BC00C37840 /* LNCollectionView.m in Sources */,
				A58BE4782CDCBD27005A24C4 /* LNScrollViewClockProxy.m in Sources */,
				A58BE4922CDF83F1005A24C4 /* LNScrollViewGestureEffect.m in Sources */,
				A53076282CE4F42100C37840 /* LNCollectionViewLayout.m in Sources */,
				A58BE4982CE26A9C005A24C4 /* LNScrollViewPageSimulator.m in Sources */,
				A58BE4492CDCAE12005A24C4 /* main.m in Sources */,
				A58BE4882CDF7771005A24C4 /* LNScrollView.m in Sources */,
				A58BE43B2CDCAE12005A24C4 /* SceneDelegate.m in Sources */,
				A58BE47F2CDCCB09005A24C4 /* LNScrollViewBounceSimulator.m in Sources */,
				A57F69BA2CE52ECC008974E0 /* LNCollectionViewLayoutAttributes.m in Sources */,
			);
			runOnlyForDeploymentPostprocessing = 0;
		};
		A58BE44A2CDCAE13005A24C4 /* Sources */ = {
			isa = PBXSourcesBuildPhase;
			buildActionMask = 2147483647;
			files = (
				A58BE4532CDCAE13005A24C4 /* LNCollectionViewTests.m in Sources */,
			);
			runOnlyForDeploymentPostprocessing = 0;
		};
		A58BE4542CDCAE13005A24C4 /* Sources */ = {
			isa = PBXSourcesBuildPhase;
			buildActionMask = 2147483647;
			files = (
				A58BE45D2CDCAE13005A24C4 /* LNCollectionViewUITests.m in Sources */,
				A58BE45F2CDCAE13005A24C4 /* LNCollectionViewUITestsLaunchTests.m in Sources */,
			);
			runOnlyForDeploymentPostprocessing = 0;
		};
/* End PBXSourcesBuildPhase section */

/* Begin PBXTargetDependency section */
		A58BE4502CDCAE13005A24C4 /* PBXTargetDependency */ = {
			isa = PBXTargetDependency;
			target = A58BE4322CDCAE12005A24C4 /* LNCollectionView */;
			targetProxy = A58BE44F2CDCAE13005A24C4 /* PBXContainerItemProxy */;
		};
		A58BE45A2CDCAE13005A24C4 /* PBXTargetDependency */ = {
			isa = PBXTargetDependency;
			target = A58BE4322CDCAE12005A24C4 /* LNCollectionView */;
			targetProxy = A58BE4592CDCAE13005A24C4 /* PBXContainerItemProxy */;
		};
/* End PBXTargetDependency section */

/* Begin PBXVariantGroup section */
		A58BE43F2CDCAE12005A24C4 /* Main.storyboard */ = {
			isa = PBXVariantGroup;
			children = (
				A58BE4402CDCAE12005A24C4 /* Base */,
			);
			name = Main.storyboard;
			sourceTree = "<group>";
		};
		A58BE4442CDCAE12005A24C4 /* LaunchScreen.storyboard */ = {
			isa = PBXVariantGroup;
			children = (
				A58BE4452CDCAE12005A24C4 /* Base */,
			);
			name = LaunchScreen.storyboard;
			sourceTree = "<group>";
		};
/* End PBXVariantGroup section */

/* Begin XCBuildConfiguration section */
		A58BE4602CDCAE13005A24C4 /* Debug */ = {
			isa = XCBuildConfiguration;
			buildSettings = {
				ALWAYS_SEARCH_USER_PATHS = NO;
				CLANG_ANALYZER_NONNULL = YES;
				CLANG_ANALYZER_NUMBER_OBJECT_CONVERSION = YES_AGGRESSIVE;
				CLANG_CXX_LANGUAGE_STANDARD = "gnu++20";
				CLANG_ENABLE_MODULES = YES;
				CLANG_ENABLE_OBJC_ARC = YES;
				CLANG_ENABLE_OBJC_WEAK = YES;
				CLANG_WARN_BLOCK_CAPTURE_AUTORELEASING = YES;
				CLANG_WARN_BOOL_CONVERSION = YES;
				CLANG_WARN_COMMA = YES;
				CLANG_WARN_CONSTANT_CONVERSION = YES;
				CLANG_WARN_DEPRECATED_OBJC_IMPLEMENTATIONS = YES;
				CLANG_WARN_DIRECT_OBJC_ISA_USAGE = YES_ERROR;
				CLANG_WARN_DOCUMENTATION_COMMENTS = YES;
				CLANG_WARN_EMPTY_BODY = YES;
				CLANG_WARN_ENUM_CONVERSION = YES;
				CLANG_WARN_INFINITE_RECURSION = YES;
				CLANG_WARN_INT_CONVERSION = YES;
				CLANG_WARN_NON_LITERAL_NULL_CONVERSION = YES;
				CLANG_WARN_OBJC_IMPLICIT_RETAIN_SELF = YES;
				CLANG_WARN_OBJC_LITERAL_CONVERSION = YES;
				CLANG_WARN_OBJC_ROOT_CLASS = YES_ERROR;
				CLANG_WARN_QUOTED_INCLUDE_IN_FRAMEWORK_HEADER = YES;
				CLANG_WARN_RANGE_LOOP_ANALYSIS = YES;
				CLANG_WARN_STRICT_PROTOTYPES = YES;
				CLANG_WARN_SUSPICIOUS_MOVE = YES;
				CLANG_WARN_UNGUARDED_AVAILABILITY = YES_AGGRESSIVE;
				CLANG_WARN_UNREACHABLE_CODE = YES;
				CLANG_WARN__DUPLICATE_METHOD_MATCH = YES;
				COPY_PHASE_STRIP = NO;
				DEBUG_INFORMATION_FORMAT = dwarf;
				ENABLE_STRICT_OBJC_MSGSEND = YES;
				ENABLE_TESTABILITY = YES;
				GCC_C_LANGUAGE_STANDARD = gnu11;
				GCC_DYNAMIC_NO_PIC = NO;
				GCC_NO_COMMON_BLOCKS = YES;
				GCC_OPTIMIZATION_LEVEL = 0;
				GCC_PREPROCESSOR_DEFINITIONS = (
					"DEBUG=1",
					"$(inherited)",
				);
				GCC_WARN_64_TO_32_BIT_CONVERSION = YES;
				GCC_WARN_ABOUT_RETURN_TYPE = YES_ERROR;
				GCC_WARN_UNDECLARED_SELECTOR = YES;
				GCC_WARN_UNINITIALIZED_AUTOS = YES_AGGRESSIVE;
				GCC_WARN_UNUSED_FUNCTION = YES;
				GCC_WARN_UNUSED_VARIABLE = YES;
				IPHONEOS_DEPLOYMENT_TARGET = 16.4;
				MTL_ENABLE_DEBUG_INFO = INCLUDE_SOURCE;
				MTL_FAST_MATH = YES;
				ONLY_ACTIVE_ARCH = YES;
				SDKROOT = iphoneos;
			};
			name = Debug;
		};
		A58BE4612CDCAE13005A24C4 /* Release */ = {
			isa = XCBuildConfiguration;
			buildSettings = {
				ALWAYS_SEARCH_USER_PATHS = NO;
				CLANG_ANALYZER_NONNULL = YES;
				CLANG_ANALYZER_NUMBER_OBJECT_CONVERSION = YES_AGGRESSIVE;
				CLANG_CXX_LANGUAGE_STANDARD = "gnu++20";
				CLANG_ENABLE_MODULES = YES;
				CLANG_ENABLE_OBJC_ARC = YES;
				CLANG_ENABLE_OBJC_WEAK = YES;
				CLANG_WARN_BLOCK_CAPTURE_AUTORELEASING = YES;
				CLANG_WARN_BOOL_CONVERSION = YES;
				CLANG_WARN_COMMA = YES;
				CLANG_WARN_CONSTANT_CONVERSION = YES;
				CLANG_WARN_DEPRECATED_OBJC_IMPLEMENTATIONS = YES;
				CLANG_WARN_DIRECT_OBJC_ISA_USAGE = YES_ERROR;
				CLANG_WARN_DOCUMENTATION_COMMENTS = YES;
				CLANG_WARN_EMPTY_BODY = YES;
				CLANG_WARN_ENUM_CONVERSION = YES;
				CLANG_WARN_INFINITE_RECURSION = YES;
				CLANG_WARN_INT_CONVERSION = YES;
				CLANG_WARN_NON_LITERAL_NULL_CONVERSION = YES;
				CLANG_WARN_OBJC_IMPLICIT_RETAIN_SELF = YES;
				CLANG_WARN_OBJC_LITERAL_CONVERSION = YES;
				CLANG_WARN_OBJC_ROOT_CLASS = YES_ERROR;
				CLANG_WARN_QUOTED_INCLUDE_IN_FRAMEWORK_HEADER = YES;
				CLANG_WARN_RANGE_LOOP_ANALYSIS = YES;
				CLANG_WARN_STRICT_PROTOTYPES = YES;
				CLANG_WARN_SUSPICIOUS_MOVE = YES;
				CLANG_WARN_UNGUARDED_AVAILABILITY = YES_AGGRESSIVE;
				CLANG_WARN_UNREACHABLE_CODE = YES;
				CLANG_WARN__DUPLICATE_METHOD_MATCH = YES;
				COPY_PHASE_STRIP = NO;
				DEBUG_INFORMATION_FORMAT = "dwarf-with-dsym";
				ENABLE_NS_ASSERTIONS = NO;
				ENABLE_STRICT_OBJC_MSGSEND = YES;
				GCC_C_LANGUAGE_STANDARD = gnu11;
				GCC_NO_COMMON_BLOCKS = YES;
				GCC_WARN_64_TO_32_BIT_CONVERSION = YES;
				GCC_WARN_ABOUT_RETURN_TYPE = YES_ERROR;
				GCC_WARN_UNDECLARED_SELECTOR = YES;
				GCC_WARN_UNINITIALIZED_AUTOS = YES_AGGRESSIVE;
				GCC_WARN_UNUSED_FUNCTION = YES;
				GCC_WARN_UNUSED_VARIABLE = YES;
				IPHONEOS_DEPLOYMENT_TARGET = 16.4;
				MTL_ENABLE_DEBUG_INFO = NO;
				MTL_FAST_MATH = YES;
				SDKROOT = iphoneos;
				VALIDATE_PRODUCT = YES;
			};
			name = Release;
		};
		A58BE4632CDCAE13005A24C4 /* Debug */ = {
			isa = XCBuildConfiguration;
			buildSettings = {
				ASSETCATALOG_COMPILER_APPICON_NAME = AppIcon;
				ASSETCATALOG_COMPILER_GLOBAL_ACCENT_COLOR_NAME = AccentColor;
				CODE_SIGN_STYLE = Automatic;
				CURRENT_PROJECT_VERSION = 1;
				DEVELOPMENT_TEAM = NZ8VB65G3E;
				GENERATE_INFOPLIST_FILE = YES;
				INFOPLIST_FILE = LNCollectionView/Info.plist;
				INFOPLIST_KEY_UIApplicationSupportsIndirectInputEvents = YES;
				INFOPLIST_KEY_UILaunchStoryboardName = LaunchScreen;
				INFOPLIST_KEY_UIMainStoryboardFile = Main;
				INFOPLIST_KEY_UISupportedInterfaceOrientations_iPad = "UIInterfaceOrientationPortrait UIInterfaceOrientationPortraitUpsideDown UIInterfaceOrientationLandscapeLeft UIInterfaceOrientationLandscapeRight";
				INFOPLIST_KEY_UISupportedInterfaceOrientations_iPhone = "UIInterfaceOrientationPortrait UIInterfaceOrientationLandscapeLeft UIInterfaceOrientationLandscapeRight";
				LD_RUNPATH_SEARCH_PATHS = (
					"$(inherited)",
					"@executable_path/Frameworks",
				);
				MARKETING_VERSION = 1.0;
				PRODUCT_BUNDLE_IDENTIFIER = Levison.LNCollectionView;
				PRODUCT_NAME = "$(TARGET_NAME)";
				SWIFT_EMIT_LOC_STRINGS = YES;
				TARGETED_DEVICE_FAMILY = "1,2";
			};
			name = Debug;
		};
		A58BE4642CDCAE13005A24C4 /* Release */ = {
			isa = XCBuildConfiguration;
			buildSettings = {
				ASSETCATALOG_COMPILER_APPICON_NAME = AppIcon;
				ASSETCATALOG_COMPILER_GLOBAL_ACCENT_COLOR_NAME = AccentColor;
				CODE_SIGN_STYLE = Automatic;
				CURRENT_PROJECT_VERSION = 1;
				DEVELOPMENT_TEAM = NZ8VB65G3E;
				GENERATE_INFOPLIST_FILE = YES;
				INFOPLIST_FILE = LNCollectionView/Info.plist;
				INFOPLIST_KEY_UIApplicationSupportsIndirectInputEvents = YES;
				INFOPLIST_KEY_UILaunchStoryboardName = LaunchScreen;
				INFOPLIST_KEY_UIMainStoryboardFile = Main;
				INFOPLIST_KEY_UISupportedInterfaceOrientations_iPad = "UIInterfaceOrientationPortrait UIInterfaceOrientationPortraitUpsideDown UIInterfaceOrientationLandscapeLeft UIInterfaceOrientationLandscapeRight";
				INFOPLIST_KEY_UISupportedInterfaceOrientations_iPhone = "UIInterfaceOrientationPortrait UIInterfaceOrientationLandscapeLeft UIInterfaceOrientationLandscapeRight";
				LD_RUNPATH_SEARCH_PATHS = (
					"$(inherited)",
					"@executable_path/Frameworks",
				);
				MARKETING_VERSION = 1.0;
				PRODUCT_BUNDLE_IDENTIFIER = Levison.LNCollectionView;
				PRODUCT_NAME = "$(TARGET_NAME)";
				SWIFT_EMIT_LOC_STRINGS = YES;
				TARGETED_DEVICE_FAMILY = "1,2";
			};
			name = Release;
		};
		A58BE4662CDCAE13005A24C4 /* Debug */ = {
			isa = XCBuildConfiguration;
			buildSettings = {
				BUNDLE_LOADER = "$(TEST_HOST)";
				CODE_SIGN_STYLE = Automatic;
				CURRENT_PROJECT_VERSION = 1;
				DEVELOPMENT_TEAM = NZ8VB65G3E;
				GENERATE_INFOPLIST_FILE = YES;
				IPHONEOS_DEPLOYMENT_TARGET = 16.4;
				MARKETING_VERSION = 1.0;
				PRODUCT_BUNDLE_IDENTIFIER = Levison.LNCollectionViewTests;
				PRODUCT_NAME = "$(TARGET_NAME)";
				SWIFT_EMIT_LOC_STRINGS = NO;
				TARGETED_DEVICE_FAMILY = "1,2";
				TEST_HOST = "$(BUILT_PRODUCTS_DIR)/LNCollectionView.app/$(BUNDLE_EXECUTABLE_FOLDER_PATH)/LNCollectionView";
			};
			name = Debug;
		};
		A58BE4672CDCAE13005A24C4 /* Release */ = {
			isa = XCBuildConfiguration;
			buildSettings = {
				BUNDLE_LOADER = "$(TEST_HOST)";
				CODE_SIGN_STYLE = Automatic;
				CURRENT_PROJECT_VERSION = 1;
				DEVELOPMENT_TEAM = NZ8VB65G3E;
				GENERATE_INFOPLIST_FILE = YES;
				IPHONEOS_DEPLOYMENT_TARGET = 16.4;
				MARKETING_VERSION = 1.0;
				PRODUCT_BUNDLE_IDENTIFIER = Levison.LNCollectionViewTests;
				PRODUCT_NAME = "$(TARGET_NAME)";
				SWIFT_EMIT_LOC_STRINGS = NO;
				TARGETED_DEVICE_FAMILY = "1,2";
				TEST_HOST = "$(BUILT_PRODUCTS_DIR)/LNCollectionView.app/$(BUNDLE_EXECUTABLE_FOLDER_PATH)/LNCollectionView";
			};
			name = Release;
		};
		A58BE4692CDCAE13005A24C4 /* Debug */ = {
			isa = XCBuildConfiguration;
			buildSettings = {
				CODE_SIGN_STYLE = Automatic;
				CURRENT_PROJECT_VERSION = 1;
				DEVELOPMENT_TEAM = NZ8VB65G3E;
				GENERATE_INFOPLIST_FILE = YES;
				MARKETING_VERSION = 1.0;
				PRODUCT_BUNDLE_IDENTIFIER = Levison.LNCollectionViewUITests;
				PRODUCT_NAME = "$(TARGET_NAME)";
				SWIFT_EMIT_LOC_STRINGS = NO;
				TARGETED_DEVICE_FAMILY = "1,2";
				TEST_TARGET_NAME = LNCollectionView;
			};
			name = Debug;
		};
		A58BE46A2CDCAE13005A24C4 /* Release */ = {
			isa = XCBuildConfiguration;
			buildSettings = {
				CODE_SIGN_STYLE = Automatic;
				CURRENT_PROJECT_VERSION = 1;
				DEVELOPMENT_TEAM = NZ8VB65G3E;
				GENERATE_INFOPLIST_FILE = YES;
				MARKETING_VERSION = 1.0;
				PRODUCT_BUNDLE_IDENTIFIER = Levison.LNCollectionViewUITests;
				PRODUCT_NAME = "$(TARGET_NAME)";
				SWIFT_EMIT_LOC_STRINGS = NO;
				TARGETED_DEVICE_FAMILY = "1,2";
				TEST_TARGET_NAME = LNCollectionView;
			};
			name = Release;
		};
/* End XCBuildConfiguration section */

/* Begin XCConfigurationList section */
		A58BE42E2CDCAE12005A24C4 /* Build configuration list for PBXProject "LNCollectionView" */ = {
			isa = XCConfigurationList;
			buildConfigurations = (
				A58BE4602CDCAE13005A24C4 /* Debug */,
				A58BE4612CDCAE13005A24C4 /* Release */,
			);
			defaultConfigurationIsVisible = 0;
			defaultConfigurationName = Release;
		};
		A58BE4622CDCAE13005A24C4 /* Build configuration list for PBXNativeTarget "LNCollectionView" */ = {
			isa = XCConfigurationList;
			buildConfigurations = (
				A58BE4632CDCAE13005A24C4 /* Debug */,
				A58BE4642CDCAE13005A24C4 /* Release */,
			);
			defaultConfigurationIsVisible = 0;
			defaultConfigurationName = Release;
		};
		A58BE4652CDCAE13005A24C4 /* Build configuration list for PBXNativeTarget "LNCollectionViewTests" */ = {
			isa = XCConfigurationList;
			buildConfigurations = (
				A58BE4662CDCAE13005A24C4 /* Debug */,
				A58BE4672CDCAE13005A24C4 /* Release */,
			);
			defaultConfigurationIsVisible = 0;
			defaultConfigurationName = Release;
		};
		A58BE4682CDCAE13005A24C4 /* Build configuration list for PBXNativeTarget "LNCollectionViewUITests" */ = {
			isa = XCConfigurationList;
			buildConfigurations = (
				A58BE4692CDCAE13005A24C4 /* Debug */,
				A58BE46A2CDCAE13005A24C4 /* Release */,
			);
			defaultConfigurationIsVisible = 0;
			defaultConfigurationName = Release;
		};
/* End XCConfigurationList section */
	};
	rootObject = A58BE42B2CDCAE12005A24C4 /* Project object */;
}
